// !$*UTF8*$!
{
	archiveVersion = 1;
	classes = {
	};
	objectVersion = 46;
	objects = {

/* Begin PBXBuildFile section */
		3F75B9891C0F010A0042FFAA /* main.m in Sources */ = {isa = PBXBuildFile; fileRef = 3F75B9881C0F010A0042FFAA /* main.m */; };
		3F75B9911C0F01240042FFAA /* Util.m in Sources */ = {isa = PBXBuildFile; fileRef = 3F75B9901C0F01240042FFAA /* Util.m */; };
/* End PBXBuildFile section */

/* Begin PBXCopyFilesBuildPhase section */
		3F75B9831C0F010A0042FFAA /* CopyFiles */ = {
			isa = PBXCopyFilesBuildPhase;
			buildActionMask = 2147483647;
			dstPath = /usr/share/man/man1/;
			dstSubfolderSpec = 0;
			files = (
			);
			runOnlyForDeploymentPostprocessing = 1;
		};
/* End PBXCopyFilesBuildPhase section */

/* Begin PBXFileReference section */
		3F75B9851C0F010A0042FFAA /* GetOrdinal */ = {isa = PBXFileReference; explicitFileType = "compiled.mach-o.executable"; includeInIndex = 0; path = GetOrdinal; sourceTree = BUILT_PRODUCTS_DIR; };
		3F75B9881C0F010A0042FFAA /* main.m */ = {isa = PBXFileReference; lastKnownFileType = sourcecode.c.objc; path = main.m; sourceTree = "<group>"; };
		3F75B98F1C0F01240042FFAA /* Util.h */ = {isa = PBXFileReference; fileEncoding = 4; lastKnownFileType = sourcecode.c.h; path = Util.h; sourceTree = "<group>"; };
		3F75B9901C0F01240042FFAA /* Util.m */ = {isa = PBXFileReference; fileEncoding = 4; lastKnownFileType = sourcecode.c.objc; path = Util.m; sourceTree = "<group>"; };
/* End PBXFileReference section */

/* Begin PBXFrameworksBuildPhase section */
		3F75B9821C0F010A0042FFAA /* Frameworks */ = {
			isa = PBXFrameworksBuildPhase;
			buildActionMask = 2147483647;
			files = (
			);
			runOnlyForDeploymentPostprocessing = 0;
		};
/* End PBXFrameworksBuildPhase section */

/* Begin PBXGroup section */
		3F75B97C1C0F010A0042FFAA = {
			isa = PBXGroup;
			children = (
				3F75B9871C0F010A0042FFAA /* GetOrdinal */,
				3F75B9861C0F010A0042FFAA /* Products */,
			);
			sourceTree = "<group>";
		};
		3F75B9861C0F010A0042FFAA /* Products */ = {
			isa = PBXGroup;
			children = (
				3F75B9851C0F010A0042FFAA /* GetOrdinal */,
			);
			name = Products;
			sourceTree = "<group>";
		};
		3F75B9871C0F010A0042FFAA /* GetOrdinal */ = {
			isa = PBXGroup;
			children = (
				3F75B9881C0F010A0042FFAA /* main.m */,
				3F75B98F1C0F01240042FFAA /* Util.h */,
				3F75B9901C0F01240042FFAA /* Util.m */,
			);
			path = GetOrdinal;
			sourceTree = "<group>";
		};
/* End PBXGroup section */

/* Begin PBXNativeTarget section */
		3F75B9841C0F010A0042FFAA /* GetOrdinal */ = {
			isa = PBXNativeTarget;
			buildConfigurationList = 3F75B98C1C0F010A0042FFAA /* Build configuration list for PBXNativeTarget "GetOrdinal" */;
			buildPhases = (
				3F75B9811C0F010A0042FFAA /* Sources */,
				3F75B9821C0F010A0042FFAA /* Frameworks */,
				3F75B9831C0F010A0042FFAA /* CopyFiles */,
			);
			buildRules = (
			);
			dependencies = (
			);
			name = GetOrdinal;
			productName = GetOrdinal;
			productReference = 3F75B9851C0F010A0042FFAA /* GetOrdinal */;
			productType = "com.apple.product-type.tool";
		};
/* End PBXNativeTarget section */

/* Begin PBXProject section */
		3F75B97D1C0F010A0042FFAA /* Project object */ = {
			isa = PBXProject;
			attributes = {
				LastUpgradeCheck = 0710;
				ORGANIZATIONNAME = GodPlace;
				TargetAttributes = {
					3F75B9841C0F010A0042FFAA = {
						CreatedOnToolsVersion = 7.1;
					};
				};
			};
			buildConfigurationList = 3F75B9801C0F010A0042FFAA /* Build configuration list for PBXProject "GetOrdinal" */;
			compatibilityVersion = "Xcode 3.2";
			developmentRegion = English;
			hasScannedForEncodings = 0;
			knownRegions = (
				en,
			);
			mainGroup = 3F75B97C1C0F010A0042FFAA;
			productRefGroup = 3F75B9861C0F010A0042FFAA /* Products */;
			projectDirPath = "";
			projectRoot = "";
			targets = (
				3F75B9841C0F010A0042FFAA /* GetOrdinal */,
			);
		};
/* End PBXProject section */

/* Begin PBXSourcesBuildPhase section */
		3F75B9811C0F010A0042FFAA /* Sources */ = {
			isa = PBXSourcesBuildPhase;
			buildActionMask = 2147483647;
			files = (
				3F75B9891C0F010A0042FFAA /* main.m in Sources */,
				3F75B9911C0F01240042FFAA /* Util.m in Sources */,
			);
			runOnlyForDeploymentPostprocessing = 0;
		};
/* End PBXSourcesBuildPhase section */

/* Begin XCBuildConfiguration section */
		3F75B98A1C0F010A0042FFAA /* Debug */ = {
			isa = XCBuildConfiguration;
			buildSettings = {
				ALWAYS_SEARCH_USER_PATHS = NO;
				CLANG_CXX_LANGUAGE_STANDARD = "gnu++0x";
				CLANG_CXX_LIBRARY = "libc++";
				CLANG_ENABLE_MODULES = YES;
				CLANG_ENABLE_OBJC_ARC = YES;
				CLANG_WARN_BOOL_CONVERSION = YES;
				CLANG_WARN_CONSTANT_CONVERSION = YES;
				CLANG_WARN_DIRECT_OBJC_ISA_USAGE = YES_ERROR;
				CLANG_WARN_EMPTY_BODY = YES;
				CLANG_WARN_ENUM_CONVERSION = YES;
				CLANG_WARN_INT_CONVERSION = YES;
				CLANG_WARN_OBJC_ROOT_CLASS = YES_ERROR;
				CLANG_WARN_UNREACHABLE_CODE = YES;
				CLANG_WARN__DUPLICATE_METHOD_MATCH = YES;
				CODE_SIGN_IDENTITY = "-";
				COPY_PHASE_STRIP = NO;
				DEBUG_INFORMATION_FORMAT = dwarf;
				ENABLE_STRICT_OBJC_MSGSEND = YES;
				ENABLE_TESTABILITY = YES;
				GCC_C_LANGUAGE_STANDARD = gnu99;
				GCC_DYNAMIC_NO_PIC = NO;
				GCC_NO_COMMON_BLOCKS = YES;
				GCC_OPTIMIZATION_LEVEL = 0;
				GCC_PREPROCESSOR_DEFINITIONS = (
					"DEBUG=1",
					"$(inherited)",
				);
				GCC_WARN_64_TO_32_BIT_CONVERSION = YES;
				GCC_WARN_ABOUT_RETURN_TYPE = YES_ERROR;
				GCC_WARN_UNDECLARED_SELECTOR = YES;
				GCC_WARN_UNINITIALIZED_AUTOS = YES_AGGRESSIVE;
				GCC_WARN_UNUSED_FUNCTION = YES;
				GCC_WARN_UNUSED_VARIABLE = YES;
				MACOSX_DEPLOYMENT_TARGET = 10.11;
				MTL_ENABLE_DEBUG_INFO = YES;
				ONLY_ACTIVE_ARCH = YES;
				SDKROOT = macosx;
			};
			name = Debug;
		};
		3F75B98B1C0F010A0042FFAA /* Release */ = {
			isa = XCBuildConfiguration;
			buildSettings = {
				ALWAYS_SEARCH_USER_PATHS = NO;
				CLANG_CXX_LANGUAGE_STANDARD = "gnu++0x";
				CLANG_CXX_LIBRARY = "libc++";
				CLANG_ENABLE_MODULES = YES;
				CLANG_ENABLE_OBJC_ARC = YES;
				CLANG_WARN_BOOL_CONVERSION = YES;
				CLANG_WARN_CONSTANT_CONVERSION = YES;
				CLANG_WARN_DIRECT_OBJC_ISA_USAGE = YES_ERROR;
				CLANG_WARN_EMPTY_BODY = YES;
				CLANG_WARN_ENUM_CONVERSION = YES;
				CLANG_WARN_INT_CONVERSION = YES;
				CLANG_WARN_OBJC_ROOT_CLASS = YES_ERROR;
				CLANG_WARN_UNREACHABLE_CODE = YES;
				CLANG_WARN__DUPLICATE_METHOD_MATCH = YES;
				CODE_SIGN_IDENTITY = "-";
				COPY_PHASE_STRIP = NO;
				DEBUG_INFORMATION_FORMAT = "dwarf-with-dsym";
				ENABLE_NS_ASSERTIONS = NO;
				ENABLE_STRICT_OBJC_MSGSEND = YES;
				GCC_C_LANGUAGE_STANDARD = gnu99;
				GCC_NO_COMMON_BLOCKS = YES;
				GCC_WARN_64_TO_32_BIT_CONVERSION = YES;
				GCC_WARN_ABOUT_RETURN_TYPE = YES_ERROR;
				GCC_WARN_UNDECLARED_SELECTOR = YES;
				GCC_WARN_UNINITIALIZED_AUTOS = YES_AGGRESSIVE;
				GCC_WARN_UNUSED_FUNCTION = YES;
				GCC_WARN_UNUSED_VARIABLE = YES;
				MACOSX_DEPLOYMENT_TARGET = 10.11;
				MTL_ENABLE_DEBUG_INFO = NO;
				SDKROOT = macosx;
			};
			name = Release;
		};
		3F75B98D1C0F010A0042FFAA /* Debug */ = {
			isa = XCBuildConfiguration;
			buildSettings = {
				PRODUCT_NAME = "$(TARGET_NAME)";
			};
			name = Debug;
		};
		3F75B98E1C0F010A0042FFAA /* Release */ = {
			isa = XCBuildConfiguration;
			buildSettings = {
				PRODUCT_NAME = "$(TARGET_NAME)";
			};
			name = Release;
		};
/* End XCBuildConfiguration section */

/* Begin XCConfigurationList section */
		3F75B9801C0F010A0042FFAA /* Build configuration list for PBXProject "GetOrdinal" */ = {
			isa = XCConfigurationList;
			buildConfigurations = (
				3F75B98A1C0F010A0042FFAA /* Debug */,
				3F75B98B1C0F010A0042FFAA /* Release */,
			);
			defaultConfigurationIsVisible = 0;
			defaultConfigurationName = Release;
		};
		3F75B98C1C0F010A0042FFAA /* Build configuration list for PBXNativeTarget "GetOrdinal" */ = {
			isa = XCConfigurationList;
			buildConfigurations = (
				3F75B98D1C0F010A0042FFAA /* Debug */,
				3F75B98E1C0F010A0042FFAA /* Release */,
			);
			defaultConfigurationIsVisible = 0;
		};
/* End XCConfigurationList section */
	};
	rootObject = 3F75B97D1C0F010A0042FFAA /* Project object */;
}
